
Microsoft Visual Studio Solution File, Format Version 11.00
# Visual Studio 2010
Project("{FAE04EC0-301F-11D3-BF4B-00C04F79EFBC}") = "RemoteServers", "RemoteServers\RemoteServers.csproj", "{C94FB4A0-7964-4106-B1C6-8EF75708E057}"
EndProject
Global
	GlobalSection(SolutionConfigurationPlatforms) = preSolution
		Debug|x86 = Debug|x86
		Release|x86 = Release|x86
	EndGlobalSection
	GlobalSection(ProjectConfigurationPlatforms) = postSolution
		{C94FB4A0-7964-4106-B1C6-8EF75708E057}.Debug|x86.ActiveCfg = Debug|x86
		{C94FB4A0-7964-4106-B1C6-8EF75708E057}.Debug|x86.Build.0 = Debug|x86
		{C94FB4A0-7964-4106-B1C6-8EF75708E057}.Release|x86.ActiveCfg = Release|x86
		{C94FB4A0-7964-4106-B1C6-8EF75708E057}.Release|x86.Build.0 = Release|x86
	EndGlobalSection
	GlobalSection(SolutionProperties) = preSolution
		HideSolutionNode = FALSE
	EndGlobalSection
EndGlobal
